
Microsoft Visual Studio Solution File, Format Version 12.00
# Visual Studio Version 16
VisualStudioVersion = 16.0.29806.167
MinimumVisualStudioVersion = 10.0.40219.1
Project("{911E67C6-3D85-4FCE-B560-20A9C3E3FF48}") = "game", "..\..\bin\game.exe", "{3B9FB55B-6BC3-414D-BDAD-72F4A6768F45}"
	ProjectSection(DebuggerProjectSystem) = preProject
		PortSupplier = 00000000-0000-0000-0000-000000000000
		Executable = D:\Projects\eng\dunger\bin\main.exe
		RemoteMachine = DESKTOP-2HA4U8E
		StartingDirectory = D:\Projects\eng\dunger\bin
		Environment = По умолчанию
		LaunchingEngine = 00000000-0000-0000-0000-000000000000
		UseLegacyDebugEngines = No
		LaunchSQLEngine = No
		AttachLaunchAction = No
	EndProjectSection
EndProject
Project("{2150E333-8FDC-42A3-9474-1A3956D46DE8}") = "src", "src", "{9E4B39D5-B2F6-4E32-ABA8-8E229A5A5B85}"
	ProjectSection(SolutionItems) = preProject
		..\src\allocator.h = ..\src\allocator.h
		..\src\common.cpp = ..\src\common.cpp
		..\src\common.h = ..\src\common.h
		..\src\eng.cpp = ..\src\eng.cpp
		..\src\eng.h = ..\src\eng.h
		..\src\game.h = ..\src\game.h
		..\src\game_default_interface.h = ..\src\game_default_interface.h
		..\src\game_test.cpp = ..\src\game_test.cpp
		..\src\game_xo.cpp = ..\src\game_xo.cpp
		..\src\input.h = ..\src\input.h
		..\src\main.cpp = ..\src\main.cpp
		..\src\r_d3d11.cpp = ..\src\r_d3d11.cpp
		..\src\r_gl.cpp = ..\src\r_gl.cpp
		..\src\renderer.h = ..\src\renderer.h
		..\src\renderer_exporter.inl = ..\src\renderer_exporter.inl
		..\src\time.h = ..\src\time.h
		..\src\win32_common.h = ..\src\win32_common.h
		..\src\win32_main.cpp = ..\src\win32_main.cpp
		..\src\window.h = ..\src\window.h
	EndProjectSection
EndProject
Project("{2150E333-8FDC-42A3-9474-1A3956D46DE8}") = "dunger", "dunger", "{C83A7AF1-BE14-4FE9-B2E2-09059357869D}"
	ProjectSection(SolutionItems) = preProject
		..\dunger\src\game.cpp = ..\dunger\src\game.cpp
	EndProjectSection
EndProject
Project("{2150E333-8FDC-42A3-9474-1A3956D46DE8}") = "data", "data", "{C99E77A1-4D37-407A-B98E-33A8BFCE4DB1}"
EndProject
Project("{2150E333-8FDC-42A3-9474-1A3956D46DE8}") = "shaders", "shaders", "{71B819D9-DABC-430E-9895-1A10652728B9}"
	ProjectSection(SolutionItems) = preProject
		..\dunger\data\shaders\common.hlsl = ..\dunger\data\shaders\common.hlsl
		..\dunger\data\shaders\light.hlsl = ..\dunger\data\shaders\light.hlsl
		..\dunger\data\shaders\merge.hlsl = ..\dunger\data\shaders\merge.hlsl
		..\dunger\data\shaders\msaa.hlsl = ..\dunger\data\shaders\msaa.hlsl
		..\dunger\data\shaders\solid.hlsl = ..\dunger\data\shaders\solid.hlsl
		..\dunger\data\shaders\tile.glsl = ..\dunger\data\shaders\tile.glsl
		..\dunger\data\shaders\tile.hlsl = ..\dunger\data\shaders\tile.hlsl
	EndProjectSection
EndProject
Global
	GlobalSection(SolutionConfigurationPlatforms) = preSolution
		Release|x64 = Release|x64
	EndGlobalSection
	GlobalSection(ProjectConfigurationPlatforms) = postSolution
		{3B9FB55B-6BC3-414D-BDAD-72F4A6768F45}.Release|x64.ActiveCfg = Release|x64
	EndGlobalSection
	GlobalSection(SolutionProperties) = preSolution
		HideSolutionNode = FALSE
	EndGlobalSection
	GlobalSection(NestedProjects) = preSolution
		{C99E77A1-4D37-407A-B98E-33A8BFCE4DB1} = {C83A7AF1-BE14-4FE9-B2E2-09059357869D}
		{71B819D9-DABC-430E-9895-1A10652728B9} = {C99E77A1-4D37-407A-B98E-33A8BFCE4DB1}
	EndGlobalSection
	GlobalSection(ExtensibilityGlobals) = postSolution
		SolutionGuid = {0334642F-39F8-4DEF-9F1A-AF335FE0718E}
	EndGlobalSection
EndGlobal
